
Microsoft Visual Studio Solution File, Format Version 12.00
# Visual Studio Version 17
VisualStudioVersion = 17.9.34701.34
MinimumVisualStudioVersion = 10.0.40219.1
Project("{F184B08F-C81C-45F6-A57F-5ABD9991F28F}") = "EXAM SYSTEM", "EXAM SYSTEM\EXAM SYSTEM.vbproj", "{50DB718C-FD4E-4A25-A1D0-C73F552990FB}"
EndProject
Global
	GlobalSection(SolutionConfigurationPlatforms) = preSolution
		Debug|Any CPU = Debug|Any CPU
		Release|Any CPU = Release|Any CPU
	EndGlobalSection
	GlobalSection(ProjectConfigurationPlatforms) = postSolution
		{50DB718C-FD4E-4A25-A1D0-C73F552990FB}.Debug|Any CPU.ActiveCfg = Debug|Any CPU
		{50DB718C-FD4E-4A25-A1D0-C73F552990FB}.Debug|Any CPU.Build.0 = Debug|Any CPU
		{50DB718C-FD4E-4A25-A1D0-C73F552990FB}.Release|Any CPU.ActiveCfg = Release|Any CPU
		{50DB718C-FD4E-4A25-A1D0-C73F552990FB}.Release|Any CPU.Build.0 = Release|Any CPU
	EndGlobalSection
	GlobalSection(SolutionProperties) = preSolution
		HideSolutionNode = FALSE
	EndGlobalSection
	GlobalSection(ExtensibilityGlobals) = postSolution
		SolutionGuid = {D6EFF869-A11D-44ED-B86E-71BD7F07F336}
	EndGlobalSection
EndGlobal
